
Microsoft Visual Studio Solution File, Format Version 12.00
# Visual Studio Version 16
VisualStudioVersion = 16.0.28803.202
MinimumVisualStudioVersion = 10.0.40219.1
Project("{FAE04EC0-301F-11D3-BF4B-00C04F79EFBC}") = "Практическая 6", "Практическая 6.csproj", "{C74AFA63-2BB3-4640-BE03-9952E3C295C5}"
EndProject
Global
	GlobalSection(SolutionConfigurationPlatforms) = preSolution
		Debug|Any CPU = Debug|Any CPU
		Release|Any CPU = Release|Any CPU
	EndGlobalSection
	GlobalSection(ProjectConfigurationPlatforms) = postSolution
		{C74AFA63-2BB3-4640-BE03-9952E3C295C5}.Debug|Any CPU.ActiveCfg = Debug|Any CPU
		{C74AFA63-2BB3-4640-BE03-9952E3C295C5}.Debug|Any CPU.Build.0 = Debug|Any CPU
		{C74AFA63-2BB3-4640-BE03-9952E3C295C5}.Release|Any CPU.ActiveCfg = Release|Any CPU
		{C74AFA63-2BB3-4640-BE03-9952E3C295C5}.Release|Any CPU.Build.0 = Release|Any CPU
	EndGlobalSection
	GlobalSection(SolutionProperties) = preSolution
		HideSolutionNode = FALSE
	EndGlobalSection
	GlobalSection(ExtensibilityGlobals) = postSolution
		SolutionGuid = {758965F8-0629-41D2-BB8A-2C88FCF6876F}
	EndGlobalSection
EndGlobal
